// !$*UTF8*$!
{
	archiveVersion = 1;
	classes = {
	};
	objectVersion = 50;
	objects = {

/* Begin PBXBuildFile section */
		2E4BB90621397F7B00E2CB6A /* Dependency.swift in Sources */ = {isa = PBXBuildFile; fileRef = 2E4BB90521397F7B00E2CB6A /* Dependency.swift */; };
		2E4BB908213989F800E2CB6A /* Graph+Debug.swift in Sources */ = {isa = PBXBuildFile; fileRef = 2E4BB907213989F800E2CB6A /* Graph+Debug.swift */; };
		2E4D06152136E625003CD85D /* main.swift in Sources */ = {isa = PBXBuildFile; fileRef = 2E4D06142136E625003CD85D /* main.swift */; };
		2E4D061C2136EAAD003CD85D /* Print.swift in Sources */ = {isa = PBXBuildFile; fileRef = 2E4D061B2136EAAD003CD85D /* Print.swift */; };
		2E4D061E2137F90C003CD85D /* Graph+Parsing.swift in Sources */ = {isa = PBXBuildFile; fileRef = 2E4D061D2137F90C003CD85D /* Graph+Parsing.swift */; };
		2E4D06202137F91F003CD85D /* Graph.swift in Sources */ = {isa = PBXBuildFile; fileRef = 2E4D061F2137F91F003CD85D /* Graph.swift */; };
		2E4D06222137F938003CD85D /* Graph+Dotify.swift in Sources */ = {isa = PBXBuildFile; fileRef = 2E4D06212137F938003CD85D /* Graph+Dotify.swift */; };
/* End PBXBuildFile section */

/* Begin PBXCopyFilesBuildPhase section */
		2E4D060F2136E625003CD85D /* CopyFiles */ = {
			isa = PBXCopyFilesBuildPhase;
			buildActionMask = 2147483647;
			dstPath = /usr/share/man/man1/;
			dstSubfolderSpec = 0;
			files = (
			);
			runOnlyForDeploymentPostprocessing = 1;
		};
/* End PBXCopyFilesBuildPhase section */

/* Begin PBXFileReference section */
		2E4BB90521397F7B00E2CB6A /* Dependency.swift */ = {isa = PBXFileReference; lastKnownFileType = sourcecode.swift; path = Dependency.swift; sourceTree = "<group>"; };
		2E4BB907213989F800E2CB6A /* Graph+Debug.swift */ = {isa = PBXFileReference; lastKnownFileType = sourcecode.swift; path = "Graph+Debug.swift"; sourceTree = "<group>"; };
		2E4D06112136E625003CD85D /* poddotify */ = {isa = PBXFileReference; explicitFileType = "compiled.mach-o.executable"; includeInIndex = 0; path = poddotify; sourceTree = BUILT_PRODUCTS_DIR; };
		2E4D06142136E625003CD85D /* main.swift */ = {isa = PBXFileReference; lastKnownFileType = sourcecode.swift; path = main.swift; sourceTree = "<group>"; };
		2E4D061B2136EAAD003CD85D /* Print.swift */ = {isa = PBXFileReference; lastKnownFileType = sourcecode.swift; path = Print.swift; sourceTree = "<group>"; };
		2E4D061D2137F90C003CD85D /* Graph+Parsing.swift */ = {isa = PBXFileReference; lastKnownFileType = sourcecode.swift; path = "Graph+Parsing.swift"; sourceTree = "<group>"; };
		2E4D061F2137F91F003CD85D /* Graph.swift */ = {isa = PBXFileReference; lastKnownFileType = sourcecode.swift; path = Graph.swift; sourceTree = "<group>"; };
		2E4D06212137F938003CD85D /* Graph+Dotify.swift */ = {isa = PBXFileReference; lastKnownFileType = sourcecode.swift; path = "Graph+Dotify.swift"; sourceTree = "<group>"; };
/* End PBXFileReference section */

/* Begin PBXFrameworksBuildPhase section */
		2E4D060E2136E625003CD85D /* Frameworks */ = {
			isa = PBXFrameworksBuildPhase;
			buildActionMask = 2147483647;
			files = (
			);
			runOnlyForDeploymentPostprocessing = 0;
		};
/* End PBXFrameworksBuildPhase section */

/* Begin PBXGroup section */
		2E4D06082136E625003CD85D = {
			isa = PBXGroup;
			children = (
				2E4D06132136E625003CD85D /* poddotify */,
				2E4D06122136E625003CD85D /* Products */,
			);
			sourceTree = "<group>";
		};
		2E4D06122136E625003CD85D /* Products */ = {
			isa = PBXGroup;
			children = (
				2E4D06112136E625003CD85D /* poddotify */,
			);
			name = Products;
			sourceTree = "<group>";
		};
		2E4D06132136E625003CD85D /* poddotify */ = {
			isa = PBXGroup;
			children = (
				2E4D06142136E625003CD85D /* main.swift */,
				2E4D061D2137F90C003CD85D /* Graph+Parsing.swift */,
				2E4D061B2136EAAD003CD85D /* Print.swift */,
				2E4D061F2137F91F003CD85D /* Graph.swift */,
				2E4BB90521397F7B00E2CB6A /* Dependency.swift */,
				2E4D06212137F938003CD85D /* Graph+Dotify.swift */,
				2E4BB907213989F800E2CB6A /* Graph+Debug.swift */,
			);
			path = poddotify;
			sourceTree = "<group>";
		};
/* End PBXGroup section */

/* Begin PBXNativeTarget section */
		2E4D06102136E625003CD85D /* poddotify */ = {
			isa = PBXNativeTarget;
			buildConfigurationList = 2E4D06182136E625003CD85D /* Build configuration list for PBXNativeTarget "poddotify" */;
			buildPhases = (
				2E4D060D2136E625003CD85D /* Sources */,
				2E4D060E2136E625003CD85D /* Frameworks */,
				2E4D060F2136E625003CD85D /* CopyFiles */,
			);
			buildRules = (
			);
			dependencies = (
			);
			name = poddotify;
			productName = poddotify;
			productReference = 2E4D06112136E625003CD85D /* poddotify */;
			productType = "com.apple.product-type.tool";
		};
/* End PBXNativeTarget section */

/* Begin PBXProject section */
		2E4D06092136E625003CD85D /* Project object */ = {
			isa = PBXProject;
			attributes = {
				LastSwiftUpdateCheck = 0940;
				LastUpgradeCheck = 0940;
				ORGANIZATIONNAME = "Gabriele Palma";
				TargetAttributes = {
					2E4D06102136E625003CD85D = {
						CreatedOnToolsVersion = 9.4.1;
					};
				};
			};
			buildConfigurationList = 2E4D060C2136E625003CD85D /* Build configuration list for PBXProject "poddotify" */;
			compatibilityVersion = "Xcode 9.3";
			developmentRegion = en;
			hasScannedForEncodings = 0;
			knownRegions = (
				en,
			);
			mainGroup = 2E4D06082136E625003CD85D;
			productRefGroup = 2E4D06122136E625003CD85D /* Products */;
			projectDirPath = "";
			projectRoot = "";
			targets = (
				2E4D06102136E625003CD85D /* poddotify */,
			);
		};
/* End PBXProject section */

/* Begin PBXSourcesBuildPhase section */
		2E4D060D2136E625003CD85D /* Sources */ = {
			isa = PBXSourcesBuildPhase;
			buildActionMask = 2147483647;
			files = (
				2E4BB90621397F7B00E2CB6A /* Dependency.swift in Sources */,
				2E4D06152136E625003CD85D /* main.swift in Sources */,
				2E4D06202137F91F003CD85D /* Graph.swift in Sources */,
				2E4D061C2136EAAD003CD85D /* Print.swift in Sources */,
				2E4D06222137F938003CD85D /* Graph+Dotify.swift in Sources */,
				2E4BB908213989F800E2CB6A /* Graph+Debug.swift in Sources */,
				2E4D061E2137F90C003CD85D /* Graph+Parsing.swift in Sources */,
			);
			runOnlyForDeploymentPostprocessing = 0;
		};
/* End PBXSourcesBuildPhase section */

/* Begin XCBuildConfiguration section */
		2E4D06162136E625003CD85D /* Debug */ = {
			isa = XCBuildConfiguration;
			buildSettings = {
				ALWAYS_SEARCH_USER_PATHS = NO;
				CLANG_ANALYZER_NONNULL = YES;
				CLANG_ANALYZER_NUMBER_OBJECT_CONVERSION = YES_AGGRESSIVE;
				CLANG_CXX_LANGUAGE_STANDARD = "gnu++14";
				CLANG_CXX_LIBRARY = "libc++";
				CLANG_ENABLE_MODULES = YES;
				CLANG_ENABLE_OBJC_ARC = YES;
				CLANG_ENABLE_OBJC_WEAK = YES;
				CLANG_WARN_BLOCK_CAPTURE_AUTORELEASING = YES;
				CLANG_WARN_BOOL_CONVERSION = YES;
				CLANG_WARN_COMMA = YES;
				CLANG_WARN_CONSTANT_CONVERSION = YES;
				CLANG_WARN_DEPRECATED_OBJC_IMPLEMENTATIONS = YES;
				CLANG_WARN_DIRECT_OBJC_ISA_USAGE = YES_ERROR;
				CLANG_WARN_DOCUMENTATION_COMMENTS = YES;
				CLANG_WARN_EMPTY_BODY = YES;
				CLANG_WARN_ENUM_CONVERSION = YES;
				CLANG_WARN_INFINITE_RECURSION = YES;
				CLANG_WARN_INT_CONVERSION = YES;
				CLANG_WARN_NON_LITERAL_NULL_CONVERSION = YES;
				CLANG_WARN_OBJC_IMPLICIT_RETAIN_SELF = YES;
				CLANG_WARN_OBJC_LITERAL_CONVERSION = YES;
				CLANG_WARN_OBJC_ROOT_CLASS = YES_ERROR;
				CLANG_WARN_RANGE_LOOP_ANALYSIS = YES;
				CLANG_WARN_STRICT_PROTOTYPES = YES;
				CLANG_WARN_SUSPICIOUS_MOVE = YES;
				CLANG_WARN_UNGUARDED_AVAILABILITY = YES_AGGRESSIVE;
				CLANG_WARN_UNREACHABLE_CODE = YES;
				CLANG_WARN__DUPLICATE_METHOD_MATCH = YES;
				CODE_SIGN_IDENTITY = "-";
				COPY_PHASE_STRIP = NO;
				DEBUG_INFORMATION_FORMAT = dwarf;
				ENABLE_STRICT_OBJC_MSGSEND = YES;
				ENABLE_TESTABILITY = YES;
				GCC_C_LANGUAGE_STANDARD = gnu11;
				GCC_DYNAMIC_NO_PIC = NO;
				GCC_NO_COMMON_BLOCKS = YES;
				GCC_OPTIMIZATION_LEVEL = 0;
				GCC_PREPROCESSOR_DEFINITIONS = (
					"DEBUG=1",
					"$(inherited)",
				);
				GCC_WARN_64_TO_32_BIT_CONVERSION = YES;
				GCC_WARN_ABOUT_RETURN_TYPE = YES_ERROR;
				GCC_WARN_UNDECLARED_SELECTOR = YES;
				GCC_WARN_UNINITIALIZED_AUTOS = YES_AGGRESSIVE;
				GCC_WARN_UNUSED_FUNCTION = YES;
				GCC_WARN_UNUSED_VARIABLE = YES;
				MACOSX_DEPLOYMENT_TARGET = 10.13;
				MTL_ENABLE_DEBUG_INFO = YES;
				ONLY_ACTIVE_ARCH = YES;
				SDKROOT = macosx;
				SWIFT_ACTIVE_COMPILATION_CONDITIONS = DEBUG;
				SWIFT_OPTIMIZATION_LEVEL = "-Onone";
			};
			name = Debug;
		};
		2E4D06172136E625003CD85D /* Release */ = {
			isa = XCBuildConfiguration;
			buildSettings = {
				ALWAYS_SEARCH_USER_PATHS = NO;
				CLANG_ANALYZER_NONNULL = YES;
				CLANG_ANALYZER_NUMBER_OBJECT_CONVERSION = YES_AGGRESSIVE;
				CLANG_CXX_LANGUAGE_STANDARD = "gnu++14";
				CLANG_CXX_LIBRARY = "libc++";
				CLANG_ENABLE_MODULES = YES;
				CLANG_ENABLE_OBJC_ARC = YES;
				CLANG_ENABLE_OBJC_WEAK = YES;
				CLANG_WARN_BLOCK_CAPTURE_AUTORELEASING = YES;
				CLANG_WARN_BOOL_CONVERSION = YES;
				CLANG_WARN_COMMA = YES;
				CLANG_WARN_CONSTANT_CONVERSION = YES;
				CLANG_WARN_DEPRECATED_OBJC_IMPLEMENTATIONS = YES;
				CLANG_WARN_DIRECT_OBJC_ISA_USAGE = YES_ERROR;
				CLANG_WARN_DOCUMENTATION_COMMENTS = YES;
				CLANG_WARN_EMPTY_BODY = YES;
				CLANG_WARN_ENUM_CONVERSION = YES;
				CLANG_WARN_INFINITE_RECURSION = YES;
				CLANG_WARN_INT_CONVERSION = YES;
				CLANG_WARN_NON_LITERAL_NULL_CONVERSION = YES;
				CLANG_WARN_OBJC_IMPLICIT_RETAIN_SELF = YES;
				CLANG_WARN_OBJC_LITERAL_CONVERSION = YES;
				CLANG_WARN_OBJC_ROOT_CLASS = YES_ERROR;
				CLANG_WARN_RANGE_LOOP_ANALYSIS = YES;
				CLANG_WARN_STRICT_PROTOTYPES = YES;
				CLANG_WARN_SUSPICIOUS_MOVE = YES;
				CLANG_WARN_UNGUARDED_AVAILABILITY = YES_AGGRESSIVE;
				CLANG_WARN_UNREACHABLE_CODE = YES;
				CLANG_WARN__DUPLICATE_METHOD_MATCH = YES;
				CODE_SIGN_IDENTITY = "-";
				COPY_PHASE_STRIP = NO;
				DEBUG_INFORMATION_FORMAT = "dwarf-with-dsym";
				ENABLE_NS_ASSERTIONS = NO;
				ENABLE_STRICT_OBJC_MSGSEND = YES;
				GCC_C_LANGUAGE_STANDARD = gnu11;
				GCC_NO_COMMON_BLOCKS = YES;
				GCC_WARN_64_TO_32_BIT_CONVERSION = YES;
				GCC_WARN_ABOUT_RETURN_TYPE = YES_ERROR;
				GCC_WARN_UNDECLARED_SELECTOR = YES;
				GCC_WARN_UNINITIALIZED_AUTOS = YES_AGGRESSIVE;
				GCC_WARN_UNUSED_FUNCTION = YES;
				GCC_WARN_UNUSED_VARIABLE = YES;
				MACOSX_DEPLOYMENT_TARGET = 10.13;
				MTL_ENABLE_DEBUG_INFO = NO;
				SDKROOT = macosx;
				SWIFT_COMPILATION_MODE = wholemodule;
				SWIFT_OPTIMIZATION_LEVEL = "-O";
			};
			name = Release;
		};
		2E4D06192136E625003CD85D /* Debug */ = {
			isa = XCBuildConfiguration;
			buildSettings = {
				CODE_SIGN_STYLE = Automatic;
				MACOSX_DEPLOYMENT_TARGET = 10.9;
				PRODUCT_NAME = "$(TARGET_NAME)";
				SWIFT_VERSION = 4.0;
				SYMROOT = build;
			};
			name = Debug;
		};
		2E4D061A2136E625003CD85D /* Release */ = {
			isa = XCBuildConfiguration;
			buildSettings = {
				CODE_SIGN_STYLE = Automatic;
				MACOSX_DEPLOYMENT_TARGET = 10.9;
				PRODUCT_NAME = "$(TARGET_NAME)";
				SWIFT_VERSION = 4.0;
				SYMROOT = build;
			};
			name = Release;
		};
/* End XCBuildConfiguration section */

/* Begin XCConfigurationList section */
		2E4D060C2136E625003CD85D /* Build configuration list for PBXProject "poddotify" */ = {
			isa = XCConfigurationList;
			buildConfigurations = (
				2E4D06162136E625003CD85D /* Debug */,
				2E4D06172136E625003CD85D /* Release */,
			);
			defaultConfigurationIsVisible = 0;
			defaultConfigurationName = Release;
		};
		2E4D06182136E625003CD85D /* Build configuration list for PBXNativeTarget "poddotify" */ = {
			isa = XCConfigurationList;
			buildConfigurations = (
				2E4D06192136E625003CD85D /* Debug */,
				2E4D061A2136E625003CD85D /* Release */,
			);
			defaultConfigurationIsVisible = 0;
			defaultConfigurationName = Release;
		};
/* End XCConfigurationList section */
	};
	rootObject = 2E4D06092136E625003CD85D /* Project object */;
}
